
Microsoft Visual Studio Solution File, Format Version 12.00
# Visual Studio Version 17
VisualStudioVersion = 17.1.32228.430
MinimumVisualStudioVersion = 10.0.40219.1
Project("{9A19103F-16F7-4668-BE54-9A1E7A4F7556}") = "SpecFlowProjectAutomation", "SpecFlowProjectAutomation\SpecFlowProjectAutomation.csproj", "{2892A86B-F61E-4316-BAD3-C1B03684FD82}"
EndProject
Project("{9A19103F-16F7-4668-BE54-9A1E7A4F7556}") = "Utility", "Utility\Utility.csproj", "{E68D687C-6DCD-4489-8C92-A1036E7CE184}"
EndProject
Project("{9A19103F-16F7-4668-BE54-9A1E7A4F7556}") = "POM_UI", "POM_UI\POM_UI.csproj", "{DBCA9738-F5C0-423D-A16D-4B02D931C1A8}"
EndProject
Project("{9A19103F-16F7-4668-BE54-9A1E7A4F7556}") = "APIFramework", "APIReusable\APIFramework.csproj", "{3330B50B-E15E-42FB-8157-430B156105E8}"
EndProject
Project("{9A19103F-16F7-4668-BE54-9A1E7A4F7556}") = "SpecFlowAPITests", "SpecFlowAPITests\SpecFlowAPITests.csproj", "{F53035CA-7879-4197-B298-2B1F57FF8055}"
EndProject
Project("{9A19103F-16F7-4668-BE54-9A1E7A4F7556}") = "RestAPIAutomationBL", "RestAPIAutomationBL\RestAPIAutomationBL.csproj", "{F43EB13D-41D2-497C-BFA6-CF52679575EE}"
EndProject
Global
	GlobalSection(SolutionConfigurationPlatforms) = preSolution
		Debug|Any CPU = Debug|Any CPU
		Release|Any CPU = Release|Any CPU
	EndGlobalSection
	GlobalSection(ProjectConfigurationPlatforms) = postSolution
		{2892A86B-F61E-4316-BAD3-C1B03684FD82}.Debug|Any CPU.ActiveCfg = Debug|Any CPU
		{2892A86B-F61E-4316-BAD3-C1B03684FD82}.Debug|Any CPU.Build.0 = Debug|Any CPU
		{2892A86B-F61E-4316-BAD3-C1B03684FD82}.Release|Any CPU.ActiveCfg = Release|Any CPU
		{2892A86B-F61E-4316-BAD3-C1B03684FD82}.Release|Any CPU.Build.0 = Release|Any CPU
		{E68D687C-6DCD-4489-8C92-A1036E7CE184}.Debug|Any CPU.ActiveCfg = Debug|Any CPU
		{E68D687C-6DCD-4489-8C92-A1036E7CE184}.Debug|Any CPU.Build.0 = Debug|Any CPU
		{E68D687C-6DCD-4489-8C92-A1036E7CE184}.Release|Any CPU.ActiveCfg = Release|Any CPU
		{E68D687C-6DCD-4489-8C92-A1036E7CE184}.Release|Any CPU.Build.0 = Release|Any CPU
		{DBCA9738-F5C0-423D-A16D-4B02D931C1A8}.Debug|Any CPU.ActiveCfg = Debug|Any CPU
		{DBCA9738-F5C0-423D-A16D-4B02D931C1A8}.Debug|Any CPU.Build.0 = Debug|Any CPU
		{DBCA9738-F5C0-423D-A16D-4B02D931C1A8}.Release|Any CPU.ActiveCfg = Release|Any CPU
		{DBCA9738-F5C0-423D-A16D-4B02D931C1A8}.Release|Any CPU.Build.0 = Release|Any CPU
		{3330B50B-E15E-42FB-8157-430B156105E8}.Debug|Any CPU.ActiveCfg = Debug|Any CPU
		{3330B50B-E15E-42FB-8157-430B156105E8}.Debug|Any CPU.Build.0 = Debug|Any CPU
		{3330B50B-E15E-42FB-8157-430B156105E8}.Release|Any CPU.ActiveCfg = Release|Any CPU
		{3330B50B-E15E-42FB-8157-430B156105E8}.Release|Any CPU.Build.0 = Release|Any CPU
		{F53035CA-7879-4197-B298-2B1F57FF8055}.Debug|Any CPU.ActiveCfg = Debug|Any CPU
		{F53035CA-7879-4197-B298-2B1F57FF8055}.Debug|Any CPU.Build.0 = Debug|Any CPU
		{F53035CA-7879-4197-B298-2B1F57FF8055}.Release|Any CPU.ActiveCfg = Release|Any CPU
		{F53035CA-7879-4197-B298-2B1F57FF8055}.Release|Any CPU.Build.0 = Release|Any CPU
		{F43EB13D-41D2-497C-BFA6-CF52679575EE}.Debug|Any CPU.ActiveCfg = Debug|Any CPU
		{F43EB13D-41D2-497C-BFA6-CF52679575EE}.Debug|Any CPU.Build.0 = Debug|Any CPU
		{F43EB13D-41D2-497C-BFA6-CF52679575EE}.Release|Any CPU.ActiveCfg = Release|Any CPU
		{F43EB13D-41D2-497C-BFA6-CF52679575EE}.Release|Any CPU.Build.0 = Release|Any CPU
	EndGlobalSection
	GlobalSection(SolutionProperties) = preSolution
		HideSolutionNode = FALSE
	EndGlobalSection
	GlobalSection(ExtensibilityGlobals) = postSolution
		SolutionGuid = {FA4E2648-0A72-406E-9907-6F61BE36DB59}
	EndGlobalSection
EndGlobal
